
Microsoft Visual Studio Solution File, Format Version 12.00
# Visual Studio Version 16
VisualStudioVersion = 16.0.34114.132
MinimumVisualStudioVersion = 10.0.40219.1
Project("{FAE04EC0-301F-11D3-BF4B-00C04F79EFBC}") = "Valheim Mod Manager", "Valheim Mod Manager\Valheim Mod Manager.csproj", "{6C927C9C-A0BF-4795-B032-BF83CBB3A140}"
EndProject
Global
	GlobalSection(SolutionConfigurationPlatforms) = preSolution
		Debug|Any CPU = Debug|Any CPU
		Release|Any CPU = Release|Any CPU
	EndGlobalSection
	GlobalSection(ProjectConfigurationPlatforms) = postSolution
		{6C927C9C-A0BF-4795-B032-BF83CBB3A140}.Debug|Any CPU.ActiveCfg = Debug|Any CPU
		{6C927C9C-A0BF-4795-B032-BF83CBB3A140}.Debug|Any CPU.Build.0 = Debug|Any CPU
		{6C927C9C-A0BF-4795-B032-BF83CBB3A140}.Release|Any CPU.ActiveCfg = Release|Any CPU
		{6C927C9C-A0BF-4795-B032-BF83CBB3A140}.Release|Any CPU.Build.0 = Release|Any CPU
	EndGlobalSection
	GlobalSection(SolutionProperties) = preSolution
		HideSolutionNode = FALSE
	EndGlobalSection
	GlobalSection(ExtensibilityGlobals) = postSolution
		SolutionGuid = {92CAC2F5-B813-42AC-9EE7-BB3FE18E0927}
	EndGlobalSection
EndGlobal
